
Microsoft Visual Studio Solution File, Format Version 11.00
# Visual Studio 2010
Project("{8BC9CEB8-8B4A-11D0-8D11-00A0C91BC942}") = "hockey", "hockey\hockey.vcxproj", "{9A0047FD-4CDC-4BAE-A2AD-776DD95F47B7}"
EndProject
Global
	GlobalSection(SolutionConfigurationPlatforms) = preSolution
		Debug|Win32 = Debug|Win32
		Release|Win32 = Release|Win32
	EndGlobalSection
	GlobalSection(ProjectConfigurationPlatforms) = postSolution
		{9A0047FD-4CDC-4BAE-A2AD-776DD95F47B7}.Debug|Win32.ActiveCfg = Debug|Win32
		{9A0047FD-4CDC-4BAE-A2AD-776DD95F47B7}.Debug|Win32.Build.0 = Debug|Win32
		{9A0047FD-4CDC-4BAE-A2AD-776DD95F47B7}.Release|Win32.ActiveCfg = Release|Win32
		{9A0047FD-4CDC-4BAE-A2AD-776DD95F47B7}.Release|Win32.Build.0 = Release|Win32
	EndGlobalSection
	GlobalSection(SolutionProperties) = preSolution
		HideSolutionNode = FALSE
	EndGlobalSection
EndGlobal
